// !$*UTF8*$!
{
	archiveVersion = 1;
	classes = {
	};
	objectVersion = 50;
	objects = {

/* Begin PBXBuildFile section */
		26739E002262437C0066C44F /* AppDelegate.swift in Sources */ = {isa = PBXBuildFile; fileRef = 26739DFF2262437C0066C44F /* AppDelegate.swift */; };
		26739E022262437C0066C44F /* ViewController.swift in Sources */ = {isa = PBXBuildFile; fileRef = 26739E012262437C0066C44F /* ViewController.swift */; };
		26739E052262437C0066C44F /* Main.storyboard in Resources */ = {isa = PBXBuildFile; fileRef = 26739E032262437C0066C44F /* Main.storyboard */; };
		26739E072262437E0066C44F /* Assets.xcassets in Resources */ = {isa = PBXBuildFile; fileRef = 26739E062262437E0066C44F /* Assets.xcassets */; };
		26739E0A2262437E0066C44F /* LaunchScreen.storyboard in Resources */ = {isa = PBXBuildFile; fileRef = 26739E082262437E0066C44F /* LaunchScreen.storyboard */; };
		26739E152262437E0066C44F /* tableview_testTests.swift in Sources */ = {isa = PBXBuildFile; fileRef = 26739E142262437E0066C44F /* tableview_testTests.swift */; };
		26739E202262437E0066C44F /* tableview_testUITests.swift in Sources */ = {isa = PBXBuildFile; fileRef = 26739E1F2262437E0066C44F /* tableview_testUITests.swift */; };
/* End PBXBuildFile section */

/* Begin PBXContainerItemProxy section */
		26739E112262437E0066C44F /* PBXContainerItemProxy */ = {
			isa = PBXContainerItemProxy;
			containerPortal = 26739DF42262437C0066C44F /* Project object */;
			proxyType = 1;
			remoteGlobalIDString = 26739DFB2262437C0066C44F;
			remoteInfo = "tableview-test";
		};
		26739E1C2262437E0066C44F /* PBXContainerItemProxy */ = {
			isa = PBXContainerItemProxy;
			containerPortal = 26739DF42262437C0066C44F /* Project object */;
			proxyType = 1;
			remoteGlobalIDString = 26739DFB2262437C0066C44F;
			remoteInfo = "tableview-test";
		};
/* End PBXContainerItemProxy section */

/* Begin PBXFileReference section */
		26739DFC2262437C0066C44F /* tableview-test.app */ = {isa = PBXFileReference; explicitFileType = wrapper.application; includeInIndex = 0; path = "tableview-test.app"; sourceTree = BUILT_PRODUCTS_DIR; };
		26739DFF2262437C0066C44F /* AppDelegate.swift */ = {isa = PBXFileReference; lastKnownFileType = sourcecode.swift; path = AppDelegate.swift; sourceTree = "<group>"; };
		26739E012262437C0066C44F /* ViewController.swift */ = {isa = PBXFileReference; lastKnownFileType = sourcecode.swift; path = ViewController.swift; sourceTree = "<group>"; };
		26739E042262437C0066C44F /* Base */ = {isa = PBXFileReference; lastKnownFileType = file.storyboard; name = Base; path = Base.lproj/Main.storyboard; sourceTree = "<group>"; };
		26739E062262437E0066C44F /* Assets.xcassets */ = {isa = PBXFileReference; lastKnownFileType = folder.assetcatalog; path = Assets.xcassets; sourceTree = "<group>"; };
		26739E092262437E0066C44F /* Base */ = {isa = PBXFileReference; lastKnownFileType = file.storyboard; name = Base; path = Base.lproj/LaunchScreen.storyboard; sourceTree = "<group>"; };
		26739E0B2262437E0066C44F /* Info.plist */ = {isa = PBXFileReference; lastKnownFileType = text.plist.xml; path = Info.plist; sourceTree = "<group>"; };
		26739E102262437E0066C44F /* tableview-testTests.xctest */ = {isa = PBXFileReference; explicitFileType = wrapper.cfbundle; includeInIndex = 0; path = "tableview-testTests.xctest"; sourceTree = BUILT_PRODUCTS_DIR; };
		26739E142262437E0066C44F /* tableview_testTests.swift */ = {isa = PBXFileReference; lastKnownFileType = sourcecode.swift; path = tableview_testTests.swift; sourceTree = "<group>"; };
		26739E162262437E0066C44F /* Info.plist */ = {isa = PBXFileReference; lastKnownFileType = text.plist.xml; path = Info.plist; sourceTree = "<group>"; };
		26739E1B2262437E0066C44F /* tableview-testUITests.xctest */ = {isa = PBXFileReference; explicitFileType = wrapper.cfbundle; includeInIndex = 0; path = "tableview-testUITests.xctest"; sourceTree = BUILT_PRODUCTS_DIR; };
		26739E1F2262437E0066C44F /* tableview_testUITests.swift */ = {isa = PBXFileReference; lastKnownFileType = sourcecode.swift; path = tableview_testUITests.swift; sourceTree = "<group>"; };
		26739E212262437E0066C44F /* Info.plist */ = {isa = PBXFileReference; lastKnownFileType = text.plist.xml; path = Info.plist; sourceTree = "<group>"; };
/* End PBXFileReference section */

/* Begin PBXFrameworksBuildPhase section */
		26739DF92262437C0066C44F /* Frameworks */ = {
			isa = PBXFrameworksBuildPhase;
			buildActionMask = 2147483647;
			files = (
			);
			runOnlyForDeploymentPostprocessing = 0;
		};
		26739E0D2262437E0066C44F /* Frameworks */ = {
			isa = PBXFrameworksBuildPhase;
			buildActionMask = 2147483647;
			files = (
			);
			runOnlyForDeploymentPostprocessing = 0;
		};
		26739E182262437E0066C44F /* Frameworks */ = {
			isa = PBXFrameworksBuildPhase;
			buildActionMask = 2147483647;
			files = (
			);
			runOnlyForDeploymentPostprocessing = 0;
		};
/* End PBXFrameworksBuildPhase section */

/* Begin PBXGroup section */
		26739DF32262437C0066C44F = {
			isa = PBXGroup;
			children = (
				26739DFE2262437C0066C44F /* tableview-test */,
				26739E132262437E0066C44F /* tableview-testTests */,
				26739E1E2262437E0066C44F /* tableview-testUITests */,
				26739DFD2262437C0066C44F /* Products */,
			);
			sourceTree = "<group>";
		};
		26739DFD2262437C0066C44F /* Products */ = {
			isa = PBXGroup;
			children = (
				26739DFC2262437C0066C44F /* tableview-test.app */,
				26739E102262437E0066C44F /* tableview-testTests.xctest */,
				26739E1B2262437E0066C44F /* tableview-testUITests.xctest */,
			);
			name = Products;
			sourceTree = "<group>";
		};
		26739DFE2262437C0066C44F /* tableview-test */ = {
			isa = PBXGroup;
			children = (
				26739DFF2262437C0066C44F /* AppDelegate.swift */,
				26739E012262437C0066C44F /* ViewController.swift */,
				26739E032262437C0066C44F /* Main.storyboard */,
				26739E062262437E0066C44F /* Assets.xcassets */,
				26739E082262437E0066C44F /* LaunchScreen.storyboard */,
				26739E0B2262437E0066C44F /* Info.plist */,
			);
			path = "tableview-test";
			sourceTree = "<group>";
		};
		26739E132262437E0066C44F /* tableview-testTests */ = {
			isa = PBXGroup;
			children = (
				26739E142262437E0066C44F /* tableview_testTests.swift */,
				26739E162262437E0066C44F /* Info.plist */,
			);
			path = "tableview-testTests";
			sourceTree = "<group>";
		};
		26739E1E2262437E0066C44F /* tableview-testUITests */ = {
			isa = PBXGroup;
			children = (
				26739E1F2262437E0066C44F /* tableview_testUITests.swift */,
				26739E212262437E0066C44F /* Info.plist */,
			);
			path = "tableview-testUITests";
			sourceTree = "<group>";
		};
/* End PBXGroup section */

/* Begin PBXNativeTarget section */
		26739DFB2262437C0066C44F /* tableview-test */ = {
			isa = PBXNativeTarget;
			buildConfigurationList = 26739E242262437E0066C44F /* Build configuration list for PBXNativeTarget "tableview-test" */;
			buildPhases = (
				26739DF82262437C0066C44F /* Sources */,
				26739DF92262437C0066C44F /* Frameworks */,
				26739DFA2262437C0066C44F /* Resources */,
			);
			buildRules = (
			);
			dependencies = (
			);
			name = "tableview-test";
			productName = "tableview-test";
			productReference = 26739DFC2262437C0066C44F /* tableview-test.app */;
			productType = "com.apple.product-type.application";
		};
		26739E0F2262437E0066C44F /* tableview-testTests */ = {
			isa = PBXNativeTarget;
			buildConfigurationList = 26739E272262437E0066C44F /* Build configuration list for PBXNativeTarget "tableview-testTests" */;
			buildPhases = (
				26739E0C2262437E0066C44F /* Sources */,
				26739E0D2262437E0066C44F /* Frameworks */,
				26739E0E2262437E0066C44F /* Resources */,
			);
			buildRules = (
			);
			dependencies = (
				26739E122262437E0066C44F /* PBXTargetDependency */,
			);
			name = "tableview-testTests";
			productName = "tableview-testTests";
			productReference = 26739E102262437E0066C44F /* tableview-testTests.xctest */;
			productType = "com.apple.product-type.bundle.unit-test";
		};
		26739E1A2262437E0066C44F /* tableview-testUITests */ = {
			isa = PBXNativeTarget;
			buildConfigurationList = 26739E2A2262437E0066C44F /* Build configuration list for PBXNativeTarget "tableview-testUITests" */;
			buildPhases = (
				26739E172262437E0066C44F /* Sources */,
				26739E182262437E0066C44F /* Frameworks */,
				26739E192262437E0066C44F /* Resources */,
			);
			buildRules = (
			);
			dependencies = (
				26739E1D2262437E0066C44F /* PBXTargetDependency */,
			);
			name = "tableview-testUITests";
			productName = "tableview-testUITests";
			productReference = 26739E1B2262437E0066C44F /* tableview-testUITests.xctest */;
			productType = "com.apple.product-type.bundle.ui-testing";
		};
/* End PBXNativeTarget section */

/* Begin PBXProject section */
		26739DF42262437C0066C44F /* Project object */ = {
			isa = PBXProject;
			attributes = {
				LastSwiftUpdateCheck = 1010;
				LastUpgradeCheck = 1010;
				ORGANIZATIONNAME = "Suparn Gupta";
				TargetAttributes = {
					26739DFB2262437C0066C44F = {
						CreatedOnToolsVersion = 10.1;
					};
					26739E0F2262437E0066C44F = {
						CreatedOnToolsVersion = 10.1;
						TestTargetID = 26739DFB2262437C0066C44F;
					};
					26739E1A2262437E0066C44F = {
						CreatedOnToolsVersion = 10.1;
						TestTargetID = 26739DFB2262437C0066C44F;
					};
				};
			};
			buildConfigurationList = 26739DF72262437C0066C44F /* Build configuration list for PBXProject "tableview-test" */;
			compatibilityVersion = "Xcode 9.3";
			developmentRegion = en;
			hasScannedForEncodings = 0;
			knownRegions = (
				en,
				Base,
			);
			mainGroup = 26739DF32262437C0066C44F;
			productRefGroup = 26739DFD2262437C0066C44F /* Products */;
			projectDirPath = "";
			projectRoot = "";
			targets = (
				26739DFB2262437C0066C44F /* tableview-test */,
				26739E0F2262437E0066C44F /* tableview-testTests */,
				26739E1A2262437E0066C44F /* tableview-testUITests */,
			);
		};
/* End PBXProject section */

/* Begin PBXResourcesBuildPhase section */
		26739DFA2262437C0066C44F /* Resources */ = {
			isa = PBXResourcesBuildPhase;
			buildActionMask = 2147483647;
			files = (
				26739E0A2262437E0066C44F /* LaunchScreen.storyboard in Resources */,
				26739E072262437E0066C44F /* Assets.xcassets in Resources */,
				26739E052262437C0066C44F /* Main.storyboard in Resources */,
			);
			runOnlyForDeploymentPostprocessing = 0;
		};
		26739E0E2262437E0066C44F /* Resources */ = {
			isa = PBXResourcesBuildPhase;
			buildActionMask = 2147483647;
			files = (
			);
			runOnlyForDeploymentPostprocessing = 0;
		};
		26739E192262437E0066C44F /* Resources */ = {
			isa = PBXResourcesBuildPhase;
			buildActionMask = 2147483647;
			files = (
			);
			runOnlyForDeploymentPostprocessing = 0;
		};
/* End PBXResourcesBuildPhase section */

/* Begin PBXSourcesBuildPhase section */
		26739DF82262437C0066C44F /* Sources */ = {
			isa = PBXSourcesBuildPhase;
			buildActionMask = 2147483647;
			files = (
				26739E022262437C0066C44F /* ViewController.swift in Sources */,
				26739E002262437C0066C44F /* AppDelegate.swift in Sources */,
			);
			runOnlyForDeploymentPostprocessing = 0;
		};
		26739E0C2262437E0066C44F /* Sources */ = {
			isa = PBXSourcesBuildPhase;
			buildActionMask = 2147483647;
			files = (
				26739E152262437E0066C44F /* tableview_testTests.swift in Sources */,
			);
			runOnlyForDeploymentPostprocessing = 0;
		};
		26739E172262437E0066C44F /* Sources */ = {
			isa = PBXSourcesBuildPhase;
			buildActionMask = 2147483647;
			files = (
				26739E202262437E0066C44F /* tableview_testUITests.swift in Sources */,
			);
			runOnlyForDeploymentPostprocessing = 0;
		};
/* End PBXSourcesBuildPhase section */

/* Begin PBXTargetDependency section */
		26739E122262437E0066C44F /* PBXTargetDependency */ = {
			isa = PBXTargetDependency;
			target = 26739DFB2262437C0066C44F /* tableview-test */;
			targetProxy = 26739E112262437E0066C44F /* PBXContainerItemProxy */;
		};
		26739E1D2262437E0066C44F /* PBXTargetDependency */ = {
			isa = PBXTargetDependency;
			target = 26739DFB2262437C0066C44F /* tableview-test */;
			targetProxy = 26739E1C2262437E0066C44F /* PBXContainerItemProxy */;
		};
/* End PBXTargetDependency section */

/* Begin PBXVariantGroup section */
		26739E032262437C0066C44F /* Main.storyboard */ = {
			isa = PBXVariantGroup;
			children = (
				26739E042262437C0066C44F /* Base */,
			);
			name = Main.storyboard;
			sourceTree = "<group>";
		};
		26739E082262437E0066C44F /* LaunchScreen.storyboard */ = {
			isa = PBXVariantGroup;
			children = (
				26739E092262437E0066C44F /* Base */,
			);
			name = LaunchScreen.storyboard;
			sourceTree = "<group>";
		};
/* End PBXVariantGroup section */

/* Begin XCBuildConfiguration section */
		26739E222262437E0066C44F /* Debug */ = {
			isa = XCBuildConfiguration;
			buildSettings = {
				ALWAYS_SEARCH_USER_PATHS = NO;
				CLANG_ANALYZER_NONNULL = YES;
				CLANG_ANALYZER_NUMBER_OBJECT_CONVERSION = YES_AGGRESSIVE;
				CLANG_CXX_LANGUAGE_STANDARD = "gnu++14";
				CLANG_CXX_LIBRARY = "libc++";
				CLANG_ENABLE_MODULES = YES;
				CLANG_ENABLE_OBJC_ARC = YES;
				CLANG_ENABLE_OBJC_WEAK = YES;
				CLANG_WARN_BLOCK_CAPTURE_AUTORELEASING = YES;
				CLANG_WARN_BOOL_CONVERSION = YES;
				CLANG_WARN_COMMA = YES;
				CLANG_WARN_CONSTANT_CONVERSION = YES;
				CLANG_WARN_DEPRECATED_OBJC_IMPLEMENTATIONS = YES;
				CLANG_WARN_DIRECT_OBJC_ISA_USAGE = YES_ERROR;
				CLANG_WARN_DOCUMENTATION_COMMENTS = YES;
				CLANG_WARN_EMPTY_BODY = YES;
				CLANG_WARN_ENUM_CONVERSION = YES;
				CLANG_WARN_INFINITE_RECURSION = YES;
				CLANG_WARN_INT_CONVERSION = YES;
				CLANG_WARN_NON_LITERAL_NULL_CONVERSION = YES;
				CLANG_WARN_OBJC_IMPLICIT_RETAIN_SELF = YES;
				CLANG_WARN_OBJC_LITERAL_CONVERSION = YES;
				CLANG_WARN_OBJC_ROOT_CLASS = YES_ERROR;
				CLANG_WARN_RANGE_LOOP_ANALYSIS = YES;
				CLANG_WARN_STRICT_PROTOTYPES = YES;
				CLANG_WARN_SUSPICIOUS_MOVE = YES;
				CLANG_WARN_UNGUARDED_AVAILABILITY = YES_AGGRESSIVE;
				CLANG_WARN_UNREACHABLE_CODE = YES;
				CLANG_WARN__DUPLICATE_METHOD_MATCH = YES;
				CODE_SIGN_IDENTITY = "iPhone Developer";
				COPY_PHASE_STRIP = NO;
				DEBUG_INFORMATION_FORMAT = dwarf;
				ENABLE_STRICT_OBJC_MSGSEND = YES;
				ENABLE_TESTABILITY = YES;
				GCC_C_LANGUAGE_STANDARD = gnu11;
				GCC_DYNAMIC_NO_PIC = NO;
				GCC_NO_COMMON_BLOCKS = YES;
				GCC_OPTIMIZATION_LEVEL = 0;
				GCC_PREPROCESSOR_DEFINITIONS = (
					"DEBUG=1",
					"$(inherited)",
				);
				GCC_WARN_64_TO_32_BIT_CONVERSION = YES;
				GCC_WARN_ABOUT_RETURN_TYPE = YES_ERROR;
				GCC_WARN_UNDECLARED_SELECTOR = YES;
				GCC_WARN_UNINITIALIZED_AUTOS = YES_AGGRESSIVE;
				GCC_WARN_UNUSED_FUNCTION = YES;
				GCC_WARN_UNUSED_VARIABLE = YES;
				IPHONEOS_DEPLOYMENT_TARGET = 12.1;
				MTL_ENABLE_DEBUG_INFO = INCLUDE_SOURCE;
				MTL_FAST_MATH = YES;
				ONLY_ACTIVE_ARCH = YES;
				SDKROOT = iphoneos;
				SWIFT_ACTIVE_COMPILATION_CONDITIONS = DEBUG;
				SWIFT_OPTIMIZATION_LEVEL = "-Onone";
			};
			name = Debug;
		};
		26739E232262437E0066C44F /* Release */ = {
			isa = XCBuildConfiguration;
			buildSettings = {
				ALWAYS_SEARCH_USER_PATHS = NO;
				CLANG_ANALYZER_NONNULL = YES;
				CLANG_ANALYZER_NUMBER_OBJECT_CONVERSION = YES_AGGRESSIVE;
				CLANG_CXX_LANGUAGE_STANDARD = "gnu++14";
				CLANG_CXX_LIBRARY = "libc++";
				CLANG_ENABLE_MODULES = YES;
				CLANG_ENABLE_OBJC_ARC = YES;
				CLANG_ENABLE_OBJC_WEAK = YES;
				CLANG_WARN_BLOCK_CAPTURE_AUTORELEASING = YES;
				CLANG_WARN_BOOL_CONVERSION = YES;
				CLANG_WARN_COMMA = YES;
				CLANG_WARN_CONSTANT_CONVERSION = YES;
				CLANG_WARN_DEPRECATED_OBJC_IMPLEMENTATIONS = YES;
				CLANG_WARN_DIRECT_OBJC_ISA_USAGE = YES_ERROR;
				CLANG_WARN_DOCUMENTATION_COMMENTS = YES;
				CLANG_WARN_EMPTY_BODY = YES;
				CLANG_WARN_ENUM_CONVERSION = YES;
				CLANG_WARN_INFINITE_RECURSION = YES;
				CLANG_WARN_INT_CONVERSION = YES;
				CLANG_WARN_NON_LITERAL_NULL_CONVERSION = YES;
				CLANG_WARN_OBJC_IMPLICIT_RETAIN_SELF = YES;
				CLANG_WARN_OBJC_LITERAL_CONVERSION = YES;
				CLANG_WARN_OBJC_ROOT_CLASS = YES_ERROR;
				CLANG_WARN_RANGE_LOOP_ANALYSIS = YES;
				CLANG_WARN_STRICT_PROTOTYPES = YES;
				CLANG_WARN_SUSPICIOUS_MOVE = YES;
				CLANG_WARN_UNGUARDED_AVAILABILITY = YES_AGGRESSIVE;
				CLANG_WARN_UNREACHABLE_CODE = YES;
				CLANG_WARN__DUPLICATE_METHOD_MATCH = YES;
				CODE_SIGN_IDENTITY = "iPhone Developer";
				COPY_PHASE_STRIP = NO;
				DEBUG_INFORMATION_FORMAT = "dwarf-with-dsym";
				ENABLE_NS_ASSERTIONS = NO;
				ENABLE_STRICT_OBJC_MSGSEND = YES;
				GCC_C_LANGUAGE_STANDARD = gnu11;
				GCC_NO_COMMON_BLOCKS = YES;
				GCC_WARN_64_TO_32_BIT_CONVERSION = YES;
				GCC_WARN_ABOUT_RETURN_TYPE = YES_ERROR;
				GCC_WARN_UNDECLARED_SELECTOR = YES;
				GCC_WARN_UNINITIALIZED_AUTOS = YES_AGGRESSIVE;
				GCC_WARN_UNUSED_FUNCTION = YES;
				GCC_WARN_UNUSED_VARIABLE = YES;
				IPHONEOS_DEPLOYMENT_TARGET = 12.1;
				MTL_ENABLE_DEBUG_INFO = NO;
				MTL_FAST_MATH = YES;
				SDKROOT = iphoneos;
				SWIFT_COMPILATION_MODE = wholemodule;
				SWIFT_OPTIMIZATION_LEVEL = "-O";
				VALIDATE_PRODUCT = YES;
			};
			name = Release;
		};
		26739E252262437E0066C44F /* Debug */ = {
			isa = XCBuildConfiguration;
			buildSettings = {
				ASSETCATALOG_COMPILER_APPICON_NAME = AppIcon;
				CODE_SIGN_STYLE = Automatic;
				INFOPLIST_FILE = "tableview-test/Info.plist";
				LD_RUNPATH_SEARCH_PATHS = (
					"$(inherited)",
					"@executable_path/Frameworks",
				);
				PRODUCT_BUNDLE_IDENTIFIER = "com.medallia.tableview-test";
				PRODUCT_NAME = "$(TARGET_NAME)";
				SWIFT_VERSION = 4.2;
				TARGETED_DEVICE_FAMILY = "1,2";
			};
			name = Debug;
		};
		26739E262262437E0066C44F /* Release */ = {
			isa = XCBuildConfiguration;
			buildSettings = {
				ASSETCATALOG_COMPILER_APPICON_NAME = AppIcon;
				CODE_SIGN_STYLE = Automatic;
				INFOPLIST_FILE = "tableview-test/Info.plist";
				LD_RUNPATH_SEARCH_PATHS = (
					"$(inherited)",
					"@executable_path/Frameworks",
				);
				PRODUCT_BUNDLE_IDENTIFIER = "com.medallia.tableview-test";
				PRODUCT_NAME = "$(TARGET_NAME)";
				SWIFT_VERSION = 4.2;
				TARGETED_DEVICE_FAMILY = "1,2";
			};
			name = Release;
		};
		26739E282262437E0066C44F /* Debug */ = {
			isa = XCBuildConfiguration;
			buildSettings = {
				ALWAYS_EMBED_SWIFT_STANDARD_LIBRARIES = YES;
				BUNDLE_LOADER = "$(TEST_HOST)";
				CODE_SIGN_STYLE = Automatic;
				INFOPLIST_FILE = "tableview-testTests/Info.plist";
				LD_RUNPATH_SEARCH_PATHS = (
					"$(inherited)",
					"@executable_path/Frameworks",
					"@loader_path/Frameworks",
				);
				PRODUCT_BUNDLE_IDENTIFIER = "com.medallia.tableview-testTests";
				PRODUCT_NAME = "$(TARGET_NAME)";
				SWIFT_VERSION = 4.2;
				TARGETED_DEVICE_FAMILY = "1,2";
				TEST_HOST = "$(BUILT_PRODUCTS_DIR)/tableview-test.app/tableview-test";
			};
			name = Debug;
		};
		26739E292262437E0066C44F /* Release */ = {
			isa = XCBuildConfiguration;
			buildSettings = {
				ALWAYS_EMBED_SWIFT_STANDARD_LIBRARIES = YES;
				BUNDLE_LOADER = "$(TEST_HOST)";
				CODE_SIGN_STYLE = Automatic;
				INFOPLIST_FILE = "tableview-testTests/Info.plist";
				LD_RUNPATH_SEARCH_PATHS = (
					"$(inherited)",
					"@executable_path/Frameworks",
					"@loader_path/Frameworks",
				);
				PRODUCT_BUNDLE_IDENTIFIER = "com.medallia.tableview-testTests";
				PRODUCT_NAME = "$(TARGET_NAME)";
				SWIFT_VERSION = 4.2;
				TARGETED_DEVICE_FAMILY = "1,2";
				TEST_HOST = "$(BUILT_PRODUCTS_DIR)/tableview-test.app/tableview-test";
			};
			name = Release;
		};
		26739E2B2262437E0066C44F /* Debug */ = {
			isa = XCBuildConfiguration;
			buildSettings = {
				ALWAYS_EMBED_SWIFT_STANDARD_LIBRARIES = YES;
				CODE_SIGN_STYLE = Automatic;
				INFOPLIST_FILE = "tableview-testUITests/Info.plist";
				LD_RUNPATH_SEARCH_PATHS = (
					"$(inherited)",
					"@executable_path/Frameworks",
					"@loader_path/Frameworks",
				);
				PRODUCT_BUNDLE_IDENTIFIER = "com.medallia.tableview-testUITests";
				PRODUCT_NAME = "$(TARGET_NAME)";
				SWIFT_VERSION = 4.2;
				TARGETED_DEVICE_FAMILY = "1,2";
				TEST_TARGET_NAME = "tableview-test";
			};
			name = Debug;
		};
		26739E2C2262437E0066C44F /* Release */ = {
			isa = XCBuildConfiguration;
			buildSettings = {
				ALWAYS_EMBED_SWIFT_STANDARD_LIBRARIES = YES;
				CODE_SIGN_STYLE = Automatic;
				INFOPLIST_FILE = "tableview-testUITests/Info.plist";
				LD_RUNPATH_SEARCH_PATHS = (
					"$(inherited)",
					"@executable_path/Frameworks",
					"@loader_path/Frameworks",
				);
				PRODUCT_BUNDLE_IDENTIFIER = "com.medallia.tableview-testUITests";
				PRODUCT_NAME = "$(TARGET_NAME)";
				SWIFT_VERSION = 4.2;
				TARGETED_DEVICE_FAMILY = "1,2";
				TEST_TARGET_NAME = "tableview-test";
			};
			name = Release;
		};
/* End XCBuildConfiguration section */

/* Begin XCConfigurationList section */
		26739DF72262437C0066C44F /* Build configuration list for PBXProject "tableview-test" */ = {
			isa = XCConfigurationList;
			buildConfigurations = (
				26739E222262437E0066C44F /* Debug */,
				26739E232262437E0066C44F /* Release */,
			);
			defaultConfigurationIsVisible = 0;
			defaultConfigurationName = Release;
		};
		26739E242262437E0066C44F /* Build configuration list for PBXNativeTarget "tableview-test" */ = {
			isa = XCConfigurationList;
			buildConfigurations = (
				26739E252262437E0066C44F /* Debug */,
				26739E262262437E0066C44F /* Release */,
			);
			defaultConfigurationIsVisible = 0;
			defaultConfigurationName = Release;
		};
		26739E272262437E0066C44F /* Build configuration list for PBXNativeTarget "tableview-testTests" */ = {
			isa = XCConfigurationList;
			buildConfigurations = (
				26739E282262437E0066C44F /* Debug */,
				26739E292262437E0066C44F /* Release */,
			);
			defaultConfigurationIsVisible = 0;
			defaultConfigurationName = Release;
		};
		26739E2A2262437E0066C44F /* Build configuration list for PBXNativeTarget "tableview-testUITests" */ = {
			isa = XCConfigurationList;
			buildConfigurations = (
				26739E2B2262437E0066C44F /* Debug */,
				26739E2C2262437E0066C44F /* Release */,
			);
			defaultConfigurationIsVisible = 0;
			defaultConfigurationName = Release;
		};
/* End XCConfigurationList section */
	};
	rootObject = 26739DF42262437C0066C44F /* Project object */;
}
